// !$*UTF8*$!
{
	archiveVersion = 1;
	classes = {
	};
	objectVersion = 46;
	objects = {

/* Begin PBXBuildFile section */
		8F0772751DC2FDEF0061A640 /* AppDelegate.swift in Sources */ = {isa = PBXBuildFile; fileRef = 8F0772741DC2FDEF0061A640 /* AppDelegate.swift */; };
		8F07727C1DC2FDEF0061A640 /* Assets.xcassets in Resources */ = {isa = PBXBuildFile; fileRef = 8F07727B1DC2FDEF0061A640 /* Assets.xcassets */; };
		8F07727F1DC2FDEF0061A640 /* LaunchScreen.storyboard in Resources */ = {isa = PBXBuildFile; fileRef = 8F07727D1DC2FDEF0061A640 /* LaunchScreen.storyboard */; };
		C4A394741DC3A03100594894 /* DailyForecastViewController.swift in Sources */ = {isa = PBXBuildFile; fileRef = C4A394731DC3A03100594894 /* DailyForecastViewController.swift */; };
		C4FA40A31DC3CC36007615DB /* TabBarController.swift in Sources */ = {isa = PBXBuildFile; fileRef = C4FA40A21DC3CC36007615DB /* TabBarController.swift */; };
		C4FA40A51DC3CCAC007615DB /* TodayViewController.swift in Sources */ = {isa = PBXBuildFile; fileRef = C4FA40A41DC3CCAC007615DB /* TodayViewController.swift */; };
		C4FA40A71DC3CCBF007615DB /* DailyViewController.swift in Sources */ = {isa = PBXBuildFile; fileRef = C4FA40A61DC3CCBF007615DB /* DailyViewController.swift */; };
		C4FA40A91DC3CCD0007615DB /* HourlyTableViewController.swift in Sources */ = {isa = PBXBuildFile; fileRef = C4FA40A81DC3CCD0007615DB /* HourlyTableViewController.swift */; };
		C4FA40AB1DC3D5A5007615DB /* ViewController.swift in Sources */ = {isa = PBXBuildFile; fileRef = C4FA40AA1DC3D5A5007615DB /* ViewController.swift */; };
		C4FA40B01DC3D704007615DB /* DarkSkyAPIClient.swift in Sources */ = {isa = PBXBuildFile; fileRef = C4FA40AC1DC3D704007615DB /* DarkSkyAPIClient.swift */; };
		C4FA40B11DC3D704007615DB /* Data.swift in Sources */ = {isa = PBXBuildFile; fileRef = C4FA40AD1DC3D704007615DB /* Data.swift */; };
		C4FA40B21DC3D704007615DB /* DataStore.swift in Sources */ = {isa = PBXBuildFile; fileRef = C4FA40AE1DC3D704007615DB /* DataStore.swift */; };
		C4FA40B31DC3D704007615DB /* Secrets.swift in Sources */ = {isa = PBXBuildFile; fileRef = C4FA40AF1DC3D704007615DB /* Secrets.swift */; };
		C4FF7E501DC7C260000435E5 /* DailyTableViewController.swift in Sources */ = {isa = PBXBuildFile; fileRef = C4FF7E4F1DC7C260000435E5 /* DailyTableViewController.swift */; };
/* End PBXBuildFile section */

/* Begin PBXFileReference section */
		8F0772711DC2FDEF0061A640 /* niftyFlatironWeather.app */ = {isa = PBXFileReference; explicitFileType = wrapper.application; includeInIndex = 0; path = niftyFlatironWeather.app; sourceTree = BUILT_PRODUCTS_DIR; };
		8F0772741DC2FDEF0061A640 /* AppDelegate.swift */ = {isa = PBXFileReference; lastKnownFileType = sourcecode.swift; path = AppDelegate.swift; sourceTree = "<group>"; };
		8F07727B1DC2FDEF0061A640 /* Assets.xcassets */ = {isa = PBXFileReference; lastKnownFileType = folder.assetcatalog; path = Assets.xcassets; sourceTree = "<group>"; };
		8F07727E1DC2FDEF0061A640 /* Base */ = {isa = PBXFileReference; lastKnownFileType = file.storyboard; name = Base; path = Base.lproj/LaunchScreen.storyboard; sourceTree = "<group>"; };
		8F0772801DC2FDEF0061A640 /* Info.plist */ = {isa = PBXFileReference; lastKnownFileType = text.plist.xml; path = Info.plist; sourceTree = "<group>"; };
		C4A394731DC3A03100594894 /* DailyForecastViewController.swift */ = {isa = PBXFileReference; fileEncoding = 4; lastKnownFileType = sourcecode.swift; path = DailyForecastViewController.swift; sourceTree = "<group>"; };
		C4FA40A21DC3CC36007615DB /* TabBarController.swift */ = {isa = PBXFileReference; fileEncoding = 4; lastKnownFileType = sourcecode.swift; path = TabBarController.swift; sourceTree = "<group>"; };
		C4FA40A41DC3CCAC007615DB /* TodayViewController.swift */ = {isa = PBXFileReference; fileEncoding = 4; lastKnownFileType = sourcecode.swift; path = TodayViewController.swift; sourceTree = "<group>"; };
		C4FA40A61DC3CCBF007615DB /* DailyViewController.swift */ = {isa = PBXFileReference; fileEncoding = 4; lastKnownFileType = sourcecode.swift; path = DailyViewController.swift; sourceTree = "<group>"; };
		C4FA40A81DC3CCD0007615DB /* HourlyTableViewController.swift */ = {isa = PBXFileReference; fileEncoding = 4; lastKnownFileType = sourcecode.swift; path = HourlyTableViewController.swift; sourceTree = "<group>"; };
		C4FA40AA1DC3D5A5007615DB /* ViewController.swift */ = {isa = PBXFileReference; fileEncoding = 4; lastKnownFileType = sourcecode.swift; path = ViewController.swift; sourceTree = "<group>"; };
		C4FA40AC1DC3D704007615DB /* DarkSkyAPIClient.swift */ = {isa = PBXFileReference; fileEncoding = 4; lastKnownFileType = sourcecode.swift; path = DarkSkyAPIClient.swift; sourceTree = "<group>"; };
		C4FA40AD1DC3D704007615DB /* Data.swift */ = {isa = PBXFileReference; fileEncoding = 4; lastKnownFileType = sourcecode.swift; path = Data.swift; sourceTree = "<group>"; };
		C4FA40AE1DC3D704007615DB /* DataStore.swift */ = {isa = PBXFileReference; fileEncoding = 4; lastKnownFileType = sourcecode.swift; path = DataStore.swift; sourceTree = "<group>"; };
		C4FA40AF1DC3D704007615DB /* Secrets.swift */ = {isa = PBXFileReference; fileEncoding = 4; lastKnownFileType = sourcecode.swift; path = Secrets.swift; sourceTree = "<group>"; };
		C4FF7E4F1DC7C260000435E5 /* DailyTableViewController.swift */ = {isa = PBXFileReference; fileEncoding = 4; lastKnownFileType = sourcecode.swift; path = DailyTableViewController.swift; sourceTree = "<group>"; };
/* End PBXFileReference section */

/* Begin PBXFrameworksBuildPhase section */
		8F07726E1DC2FDEF0061A640 /* Frameworks */ = {
			isa = PBXFrameworksBuildPhase;
			buildActionMask = 2147483647;
			files = (
			);
			runOnlyForDeploymentPostprocessing = 0;
		};
/* End PBXFrameworksBuildPhase section */

/* Begin PBXGroup section */
		8F0772681DC2FDEF0061A640 = {
			isa = PBXGroup;
			children = (
				8F0772731DC2FDEF0061A640 /* niftyFlatironWeather */,
				8F0772721DC2FDEF0061A640 /* Products */,
			);
			sourceTree = "<group>";
		};
		8F0772721DC2FDEF0061A640 /* Products */ = {
			isa = PBXGroup;
			children = (
				8F0772711DC2FDEF0061A640 /* niftyFlatironWeather.app */,
			);
			name = Products;
			sourceTree = "<group>";
		};
		8F0772731DC2FDEF0061A640 /* niftyFlatironWeather */ = {
			isa = PBXGroup;
			children = (
				8F0772741DC2FDEF0061A640 /* AppDelegate.swift */,
				C4FA40A21DC3CC36007615DB /* TabBarController.swift */,
				C4FA40A41DC3CCAC007615DB /* TodayViewController.swift */,
				C4FF7E4F1DC7C260000435E5 /* DailyTableViewController.swift */,
				C4FA40A81DC3CCD0007615DB /* HourlyTableViewController.swift */,
				C4FA40AC1DC3D704007615DB /* DarkSkyAPIClient.swift */,
				C4FA40AD1DC3D704007615DB /* Data.swift */,
				C4FA40AE1DC3D704007615DB /* DataStore.swift */,
				C4FA40AF1DC3D704007615DB /* Secrets.swift */,
				C4FA40AA1DC3D5A5007615DB /* ViewController.swift */,
				C4FA40A61DC3CCBF007615DB /* DailyViewController.swift */,
				C4A394731DC3A03100594894 /* DailyForecastViewController.swift */,
				8F07727B1DC2FDEF0061A640 /* Assets.xcassets */,
				8F07727D1DC2FDEF0061A640 /* LaunchScreen.storyboard */,
				8F0772801DC2FDEF0061A640 /* Info.plist */,
			);
			path = niftyFlatironWeather;
			sourceTree = "<group>";
		};
/* End PBXGroup section */

/* Begin PBXNativeTarget section */
		8F0772701DC2FDEF0061A640 /* niftyFlatironWeather */ = {
			isa = PBXNativeTarget;
			buildConfigurationList = 8F0772831DC2FDEF0061A640 /* Build configuration list for PBXNativeTarget "niftyFlatironWeather" */;
			buildPhases = (
				8F07726D1DC2FDEF0061A640 /* Sources */,
				8F07726E1DC2FDEF0061A640 /* Frameworks */,
				8F07726F1DC2FDEF0061A640 /* Resources */,
			);
			buildRules = (
			);
			dependencies = (
			);
			name = niftyFlatironWeather;
			productName = niftyFlatironWeather;
			productReference = 8F0772711DC2FDEF0061A640 /* niftyFlatironWeather.app */;
			productType = "com.apple.product-type.application";
		};
/* End PBXNativeTarget section */

/* Begin PBXProject section */
		8F0772691DC2FDEF0061A640 /* Project object */ = {
			isa = PBXProject;
			attributes = {
				LastSwiftUpdateCheck = 0800;
				LastUpgradeCheck = 0800;
				ORGANIZATIONNAME = "Johann Kerr";
				TargetAttributes = {
					8F0772701DC2FDEF0061A640 = {
						CreatedOnToolsVersion = 8.0;
						DevelopmentTeam = TWPE6ND5AF;
						ProvisioningStyle = Automatic;
					};
				};
			};
			buildConfigurationList = 8F07726C1DC2FDEF0061A640 /* Build configuration list for PBXProject "niftyFlatironWeather" */;
			compatibilityVersion = "Xcode 3.2";
			developmentRegion = English;
			hasScannedForEncodings = 0;
			knownRegions = (
				en,
				Base,
			);
			mainGroup = 8F0772681DC2FDEF0061A640;
			productRefGroup = 8F0772721DC2FDEF0061A640 /* Products */;
			projectDirPath = "";
			projectRoot = "";
			targets = (
				8F0772701DC2FDEF0061A640 /* niftyFlatironWeather */,
			);
		};
/* End PBXProject section */

/* Begin PBXResourcesBuildPhase section */
		8F07726F1DC2FDEF0061A640 /* Resources */ = {
			isa = PBXResourcesBuildPhase;
			buildActionMask = 2147483647;
			files = (
				8F07727F1DC2FDEF0061A640 /* LaunchScreen.storyboard in Resources */,
				8F07727C1DC2FDEF0061A640 /* Assets.xcassets in Resources */,
			);
			runOnlyForDeploymentPostprocessing = 0;
		};
/* End PBXResourcesBuildPhase section */

/* Begin PBXSourcesBuildPhase section */
		8F07726D1DC2FDEF0061A640 /* Sources */ = {
			isa = PBXSourcesBuildPhase;
			buildActionMask = 2147483647;
			files = (
				C4FA40A91DC3CCD0007615DB /* HourlyTableViewController.swift in Sources */,
				C4FA40A51DC3CCAC007615DB /* TodayViewController.swift in Sources */,
				C4FA40A31DC3CC36007615DB /* TabBarController.swift in Sources */,
				C4FA40B21DC3D704007615DB /* DataStore.swift in Sources */,
				C4FA40B01DC3D704007615DB /* DarkSkyAPIClient.swift in Sources */,
				8F0772751DC2FDEF0061A640 /* AppDelegate.swift in Sources */,
				C4FA40AB1DC3D5A5007615DB /* ViewController.swift in Sources */,
				C4A394741DC3A03100594894 /* DailyForecastViewController.swift in Sources */,
				C4FA40B11DC3D704007615DB /* Data.swift in Sources */,
				C4FA40A71DC3CCBF007615DB /* DailyViewController.swift in Sources */,
				C4FA40B31DC3D704007615DB /* Secrets.swift in Sources */,
				C4FF7E501DC7C260000435E5 /* DailyTableViewController.swift in Sources */,
			);
			runOnlyForDeploymentPostprocessing = 0;
		};
/* End PBXSourcesBuildPhase section */

/* Begin PBXVariantGroup section */
		8F07727D1DC2FDEF0061A640 /* LaunchScreen.storyboard */ = {
			isa = PBXVariantGroup;
			children = (
				8F07727E1DC2FDEF0061A640 /* Base */,
			);
			name = LaunchScreen.storyboard;
			sourceTree = "<group>";
		};
/* End PBXVariantGroup section */

/* Begin XCBuildConfiguration section */
		8F0772811DC2FDEF0061A640 /* Debug */ = {
			isa = XCBuildConfiguration;
			buildSettings = {
				ALWAYS_SEARCH_USER_PATHS = NO;
				CLANG_ANALYZER_NONNULL = YES;
				CLANG_CXX_LANGUAGE_STANDARD = "gnu++0x";
				CLANG_CXX_LIBRARY = "libc++";
				CLANG_ENABLE_MODULES = YES;
				CLANG_ENABLE_OBJC_ARC = YES;
				CLANG_WARN_BOOL_CONVERSION = YES;
				CLANG_WARN_CONSTANT_CONVERSION = YES;
				CLANG_WARN_DIRECT_OBJC_ISA_USAGE = YES_ERROR;
				CLANG_WARN_DOCUMENTATION_COMMENTS = YES;
				CLANG_WARN_EMPTY_BODY = YES;
				CLANG_WARN_ENUM_CONVERSION = YES;
				CLANG_WARN_INFINITE_RECURSION = YES;
				CLANG_WARN_INT_CONVERSION = YES;
				CLANG_WARN_OBJC_ROOT_CLASS = YES_ERROR;
				CLANG_WARN_SUSPICIOUS_MOVES = YES;
				CLANG_WARN_UNREACHABLE_CODE = YES;
				CLANG_WARN__DUPLICATE_METHOD_MATCH = YES;
				"CODE_SIGN_IDENTITY[sdk=iphoneos*]" = "iPhone Developer";
				COPY_PHASE_STRIP = NO;
				DEBUG_INFORMATION_FORMAT = dwarf;
				ENABLE_STRICT_OBJC_MSGSEND = YES;
				ENABLE_TESTABILITY = YES;
				GCC_C_LANGUAGE_STANDARD = gnu99;
				GCC_DYNAMIC_NO_PIC = NO;
				GCC_NO_COMMON_BLOCKS = YES;
				GCC_OPTIMIZATION_LEVEL = 0;
				GCC_PREPROCESSOR_DEFINITIONS = (
					"DEBUG=1",
					"$(inherited)",
				);
				GCC_WARN_64_TO_32_BIT_CONVERSION = YES;
				GCC_WARN_ABOUT_RETURN_TYPE = YES_ERROR;
				GCC_WARN_UNDECLARED_SELECTOR = YES;
				GCC_WARN_UNINITIALIZED_AUTOS = YES_AGGRESSIVE;
				GCC_WARN_UNUSED_FUNCTION = YES;
				GCC_WARN_UNUSED_VARIABLE = YES;
				IPHONEOS_DEPLOYMENT_TARGET = 10.0;
				MTL_ENABLE_DEBUG_INFO = YES;
				ONLY_ACTIVE_ARCH = YES;
				SDKROOT = iphoneos;
				SWIFT_ACTIVE_COMPILATION_CONDITIONS = DEBUG;
				SWIFT_OPTIMIZATION_LEVEL = "-Onone";
				TARGETED_DEVICE_FAMILY = "1,2";
			};
			name = Debug;
		};
		8F0772821DC2FDEF0061A640 /* Release */ = {
			isa = XCBuildConfiguration;
			buildSettings = {
				ALWAYS_SEARCH_USER_PATHS = NO;
				CLANG_ANALYZER_NONNULL = YES;
				CLANG_CXX_LANGUAGE_STANDARD = "gnu++0x";
				CLANG_CXX_LIBRARY = "libc++";
				CLANG_ENABLE_MODULES = YES;
				CLANG_ENABLE_OBJC_ARC = YES;
				CLANG_WARN_BOOL_CONVERSION = YES;
				CLANG_WARN_CONSTANT_CONVERSION = YES;
				CLANG_WARN_DIRECT_OBJC_ISA_USAGE = YES_ERROR;
				CLANG_WARN_DOCUMENTATION_COMMENTS = YES;
				CLANG_WARN_EMPTY_BODY = YES;
				CLANG_WARN_ENUM_CONVERSION = YES;
				CLANG_WARN_INFINITE_RECURSION = YES;
				CLANG_WARN_INT_CONVERSION = YES;
				CLANG_WARN_OBJC_ROOT_CLASS = YES_ERROR;
				CLANG_WARN_SUSPICIOUS_MOVES = YES;
				CLANG_WARN_UNREACHABLE_CODE = YES;
				CLANG_WARN__DUPLICATE_METHOD_MATCH = YES;
				"CODE_SIGN_IDENTITY[sdk=iphoneos*]" = "iPhone Developer";
				COPY_PHASE_STRIP = NO;
				DEBUG_INFORMATION_FORMAT = "dwarf-with-dsym";
				ENABLE_NS_ASSERTIONS = NO;
				ENABLE_STRICT_OBJC_MSGSEND = YES;
				GCC_C_LANGUAGE_STANDARD = gnu99;
				GCC_NO_COMMON_BLOCKS = YES;
				GCC_WARN_64_TO_32_BIT_CONVERSION = YES;
				GCC_WARN_ABOUT_RETURN_TYPE = YES_ERROR;
				GCC_WARN_UNDECLARED_SELECTOR = YES;
				GCC_WARN_UNINITIALIZED_AUTOS = YES_AGGRESSIVE;
				GCC_WARN_UNUSED_FUNCTION = YES;
				GCC_WARN_UNUSED_VARIABLE = YES;
				IPHONEOS_DEPLOYMENT_TARGET = 10.0;
				MTL_ENABLE_DEBUG_INFO = NO;
				SDKROOT = iphoneos;
				SWIFT_OPTIMIZATION_LEVEL = "-Owholemodule";
				TARGETED_DEVICE_FAMILY = "1,2";
				VALIDATE_PRODUCT = YES;
			};
			name = Release;
		};
		8F0772841DC2FDEF0061A640 /* Debug */ = {
			isa = XCBuildConfiguration;
			buildSettings = {
				ASSETCATALOG_COMPILER_APPICON_NAME = AppIcon;
				DEVELOPMENT_TEAM = TWPE6ND5AF;
				INFOPLIST_FILE = niftyFlatironWeather/Info.plist;
				LD_RUNPATH_SEARCH_PATHS = "$(inherited) @executable_path/Frameworks";
				PRODUCT_BUNDLE_IDENTIFIER = com.johannkerr.niftyFlatironWeather;
				PRODUCT_NAME = "$(TARGET_NAME)";
				SWIFT_VERSION = 3.0;
			};
			name = Debug;
		};
		8F0772851DC2FDEF0061A640 /* Release */ = {
			isa = XCBuildConfiguration;
			buildSettings = {
				ASSETCATALOG_COMPILER_APPICON_NAME = AppIcon;
				DEVELOPMENT_TEAM = TWPE6ND5AF;
				INFOPLIST_FILE = niftyFlatironWeather/Info.plist;
				LD_RUNPATH_SEARCH_PATHS = "$(inherited) @executable_path/Frameworks";
				PRODUCT_BUNDLE_IDENTIFIER = com.johannkerr.niftyFlatironWeather;
				PRODUCT_NAME = "$(TARGET_NAME)";
				SWIFT_VERSION = 3.0;
			};
			name = Release;
		};
/* End XCBuildConfiguration section */

/* Begin XCConfigurationList section */
		8F07726C1DC2FDEF0061A640 /* Build configuration list for PBXProject "niftyFlatironWeather" */ = {
			isa = XCConfigurationList;
			buildConfigurations = (
				8F0772811DC2FDEF0061A640 /* Debug */,
				8F0772821DC2FDEF0061A640 /* Release */,
			);
			defaultConfigurationIsVisible = 0;
			defaultConfigurationName = Release;
		};
		8F0772831DC2FDEF0061A640 /* Build configuration list for PBXNativeTarget "niftyFlatironWeather" */ = {
			isa = XCConfigurationList;
			buildConfigurations = (
				8F0772841DC2FDEF0061A640 /* Debug */,
				8F0772851DC2FDEF0061A640 /* Release */,
			);
			defaultConfigurationIsVisible = 0;
			defaultConfigurationName = Release;
		};
/* End XCConfigurationList section */
	};
	rootObject = 8F0772691DC2FDEF0061A640 /* Project object */;
}
